
Microsoft Visual Studio Solution File, Format Version 12.00
# Visual Studio 15
VisualStudioVersion = 15.0.26430.6
MinimumVisualStudioVersion = 10.0.40219.1
Project("{8BC9CEB8-8B4A-11D0-8D11-00A0C91BC942}") = "NanoPB", "NanoPB\NanoPB.vcxproj", "{AF5626A2-14A1-4735-98CF-5C40D4865DCE}"
EndProject
Project("{8BC9CEB8-8B4A-11D0-8D11-00A0C91BC942}") = "Server", "Server\Server.vcxproj", "{CF89355D-19E6-443F-AC9D-EBAF1D73232C}"
EndProject
Global
	GlobalSection(SolutionConfigurationPlatforms) = preSolution
		Debug|x64 = Debug|x64
		Debug|x86 = Debug|x86
		Release|x64 = Release|x64
		Release|x86 = Release|x86
	EndGlobalSection
	GlobalSection(ProjectConfigurationPlatforms) = postSolution
		{AF5626A2-14A1-4735-98CF-5C40D4865DCE}.Debug|x64.ActiveCfg = Debug|x64
		{AF5626A2-14A1-4735-98CF-5C40D4865DCE}.Debug|x64.Build.0 = Debug|x64
		{AF5626A2-14A1-4735-98CF-5C40D4865DCE}.Debug|x86.ActiveCfg = Debug|Win32
		{AF5626A2-14A1-4735-98CF-5C40D4865DCE}.Debug|x86.Build.0 = Debug|Win32
		{AF5626A2-14A1-4735-98CF-5C40D4865DCE}.Release|x64.ActiveCfg = Release|x64
		{AF5626A2-14A1-4735-98CF-5C40D4865DCE}.Release|x64.Build.0 = Release|x64
		{AF5626A2-14A1-4735-98CF-5C40D4865DCE}.Release|x86.ActiveCfg = Release|Win32
		{AF5626A2-14A1-4735-98CF-5C40D4865DCE}.Release|x86.Build.0 = Release|Win32
		{CF89355D-19E6-443F-AC9D-EBAF1D73232C}.Debug|x64.ActiveCfg = Debug|x64
		{CF89355D-19E6-443F-AC9D-EBAF1D73232C}.Debug|x64.Build.0 = Debug|x64
		{CF89355D-19E6-443F-AC9D-EBAF1D73232C}.Debug|x86.ActiveCfg = Debug|Win32
		{CF89355D-19E6-443F-AC9D-EBAF1D73232C}.Debug|x86.Build.0 = Debug|Win32
		{CF89355D-19E6-443F-AC9D-EBAF1D73232C}.Release|x64.ActiveCfg = Release|x64
		{CF89355D-19E6-443F-AC9D-EBAF1D73232C}.Release|x64.Build.0 = Release|x64
		{CF89355D-19E6-443F-AC9D-EBAF1D73232C}.Release|x86.ActiveCfg = Release|Win32
		{CF89355D-19E6-443F-AC9D-EBAF1D73232C}.Release|x86.Build.0 = Release|Win32
	EndGlobalSection
	GlobalSection(SolutionProperties) = preSolution
		HideSolutionNode = FALSE
	EndGlobalSection
EndGlobal
